{
    "_meta": {
        "hash": {
            "sha256": "fcae9a2268359d17b177ce1ad0b1b3b1e3d8d41e94163ec93384b995b6827194"
        },
        "pipfile-spec": 6,
        "requires": {
            "python_version": "3.7"
        },
        "sources": [
            {
                "name": "pypi",
                "url": "https://pypi.org/simple",
                "verify_ssl": true
            }
        ]
    },
    "default": {
        "click": {
            "hashes": [
                "sha256:8a18b4ea89d8820c5d0c7da8a64b2c324b4dabb695804dbfea19b9be9d88c0cc",
                "sha256:e345d143d80bf5ee7534056164e5e112ea5e22716bbb1ce727941f4c8b471b9a"
            ],
            "index": "pypi",
            "version": "==7.1.1"
        },
        "petl": {
            "hashes": [
                "sha256:943a6e3211616d25ebc4dcd900ca4f96f53ccd9dbb612271a23a7efdaf3f8c00"
            ],
            "index": "pypi",
            "version": "==1.3.0"
        }
    },
    "develop": {}
}
